PODS:
  - Flutter (1.0.0)
  - images_picker (0.0.1):
    - Flutter
    - ZLPhotoBrowser (= 4.3.3)
  - ZLPhotoBrowser (4.3.3):
    - ZLPhotoBrowser/Core (= 4.3.3)
  - ZLPhotoBrowser/Core (4.3.3)

DEPENDENCIES:
  - Flutter (from `Flutter`)
  - images_picker (from `.symlinks/plugins/images_picker/ios`)

SPEC REPOS:
  trunk:
    - ZLPhotoBrowser

EXTERNAL SOURCES:
  Flutter:
    :path: Flutter
  images_picker:
    :path: ".symlinks/plugins/images_picker/ios"

SPEC CHECKSUMS:
  Flutter: f04841e97a9d0b0a8025694d0796dd46242b2854
  images_picker: 96e3c5f91b82b588d531cac8108794a14a915956
  ZLPhotoBrowser: 96bf9c118057ba26714f6ccd4128d8095c0bd4be

PODFILE CHECKSUM: 7368163408c647b7eb699d0d788ba6718e18fb8d

COCOAPODS: 1.12.1
