PODS:
  - Flutter (1.0.0)
  - images_picker (0.0.1):
    - Flutter
    - ZLPhotoBrowser (= 4.6.0)
  - ZLPhotoBrowser (4.6.0):
    - ZLPhotoBrowser/Core (= 4.6.0)
  - ZLPhotoBrowser/Core (4.6.0)

DEPENDENCIES:
  - Flutter (from `Flutter`)
  - images_picker (from `.symlinks/plugins/images_picker/ios`)

SPEC REPOS:
  trunk:
    - ZLPhotoBrowser

EXTERNAL SOURCES:
  Flutter:
    :path: Flutter
  images_picker:
    :path: ".symlinks/plugins/images_picker/ios"

SPEC CHECKSUMS:
  Flutter: e0871f40cf51350855a761d2e70bf5af5b9b5de7
  images_picker: 04cc9062f74fa1cafff813c8e383bf5f0eab4cea
  ZLPhotoBrowser: 3461f8cd80c3ef1f6f7bdd7d822ea7e9547aeba9

PODFILE CHECKSUM: 4e8f8b2be68aeea4c0d5beb6ff1e79fface1d048

COCOAPODS: 1.16.2
